github.com/SuTech-JP/raas-client-go v0.0.3-0.20240510055431-1078f9c16f97 h1:RaKOynLVcsTVx170fI4MxbmEkc9mg7hYXsG86iQ/s0s=
github.com/SuTech-JP/raas-client-go v0.0.3-0.20240510055431-1078f9c16f97/go.mod h1:jRhHZ5SgV7OCNKcYglgdAxo5JA/UUO8WBl4D/fzJ1LI=
github.com/go-yaml/yaml v2.1.0+incompatible h1:RYi2hDdss1u4YE7GwixGzWwVo47T8UQwnTLB6vQiq+o=
github.com/go-yaml/yaml v2.1.0+incompatible/go.mod h1:w2MrLa16VYP0jy6N7M5kHaCkaLENm+P+Tv+MfurjSw0=
github.com/gorilla/mux v1.8.1 h1:TuBL49tXwgrFYWhqrNgrUNEY92u81SPhu7sTdzQEiWY=
github.com/gorilla/mux v1.8.1/go.mod h1:AKf9I4AEqPTmMytcMc0KkNouC66V3BtZ4qD5fmWSiMQ=
github.com/rs/cors v1.11.0 h1:0B9GE/r9Bc2UxRMMtymBkHTenPkHDv0CW4Y98GBY+po=
github.com/rs/cors v1.11.0/go.mod h1:XyqrcTp5zjWr1wsJ8PIRZssZ8b/WMcMf71DJnit4EMU=
