github.com/SuTech-JP/raas-client-go v0.0.3-0.20240511175159-dddcfc7463e8 h1:u4KUxlFWZ8kbe2MndlEzhz+9Q6G3DkIOKTdtb7ASWD4=
github.com/SuTech-JP/raas-client-go v0.0.3-0.20240511175159-dddcfc7463e8/go.mod h1:jRhHZ5SgV7OCNKcYglgdAxo5JA/UUO8WBl4D/fzJ1LI=
github.com/SuTech-JP/raas-client-go v1.0.0 h1:nK9JE8u4PoY2j4i4OuEXM1AMlNVVrMpIbuCtPKBRCrc=
github.com/SuTech-JP/raas-client-go v1.0.0/go.mod h1:jRhHZ5SgV7OCNKcYglgdAxo5JA/UUO8WBl4D/fzJ1LI=
github.com/SuTech-JP/raas-client-go v1.0.1 h1:E9JeHCqtGEXKmLlaAkkylNCNxL0nOJhOIIejXl7v8tE=
github.com/SuTech-JP/raas-client-go v1.0.1/go.mod h1:jRhHZ5SgV7OCNKcYglgdAxo5JA/UUO8WBl4D/fzJ1LI=
github.com/SuTech-JP/raas-client-go v1.0.2-0.20240720103023-a87ffa5d0096 h1:U2uWTQsriuQRjE9K+5nypVxcmRQsO3CTIUWxFOSshFk=
github.com/SuTech-JP/raas-client-go v1.0.2-0.20240720103023-a87ffa5d0096/go.mod h1:jRhHZ5SgV7OCNKcYglgdAxo5JA/UUO8WBl4D/fzJ1LI=
github.com/SuTech-JP/raas-client-go v1.0.2-0.20240720103607-bca8f928bce2 h1:h4gV5KyTR+0i0WF79ktvWR6x3e559lSxsMRSSNp1uB0=
github.com/SuTech-JP/raas-client-go v1.0.2-0.20240720103607-bca8f928bce2/go.mod h1:jRhHZ5SgV7OCNKcYglgdAxo5JA/UUO8WBl4D/fzJ1LI=
github.com/SuTech-JP/raas-client-go v1.0.2-0.20240720105100-46c00f3f5a65 h1:81AEwdzkHqMsXh9XEHAD20ty6MVMuSTS62yjVygLqG8=
github.com/SuTech-JP/raas-client-go v1.0.2-0.20240720105100-46c00f3f5a65/go.mod h1:jRhHZ5SgV7OCNKcYglgdAxo5JA/UUO8WBl4D/fzJ1LI=
github.com/SuTech-JP/raas-client-go v1.0.2 h1:ZT62v0fn0AEzJJg6LYU+mSbBqwUVhxQGAYatWYRB3+c=
github.com/SuTech-JP/raas-client-go v1.0.2/go.mod h1:jRhHZ5SgV7OCNKcYglgdAxo5JA/UUO8WBl4D/fzJ1LI=
github.com/SuTech-JP/raas-client-go v1.0.3 h1:F2xztahS+7MaGn2Nhv+qBf1f+63gAQ9ySTJgMSrPehc=
github.com/SuTech-JP/raas-client-go v1.0.3/go.mod h1:jRhHZ5SgV7OCNKcYglgdAxo5JA/UUO8WBl4D/fzJ1LI=
github.com/SuTech-JP/raas-client-go v1.0.4-0.20240723103325-16e6f19857f5 h1:Jw2p5+A5DAPogif/z3njgzKBuHUADL/aFCVSAD7HeGw=
github.com/SuTech-JP/raas-client-go v1.0.4-0.20240723103325-16e6f19857f5/go.mod h1:jRhHZ5SgV7OCNKcYglgdAxo5JA/UUO8WBl4D/fzJ1LI=
github.com/SuTech-JP/raas-client-go v1.0.4 h1:jK6u2Kxz1EPHNpIaJrsxhtlhTdsPxgkf+CTjuQ4voPQ=
github.com/SuTech-JP/raas-client-go v1.0.4/go.mod h1:jRhHZ5SgV7OCNKcYglgdAxo5JA/UUO8WBl4D/fzJ1LI=
github.com/go-yaml/yaml v2.1.0+incompatible h1:RYi2hDdss1u4YE7GwixGzWwVo47T8UQwnTLB6vQiq+o=
github.com/go-yaml/yaml v2.1.0+incompatible/go.mod h1:w2MrLa16VYP0jy6N7M5kHaCkaLENm+P+Tv+MfurjSw0=
github.com/gorilla/mux v1.8.1 h1:TuBL49tXwgrFYWhqrNgrUNEY92u81SPhu7sTdzQEiWY=
github.com/gorilla/mux v1.8.1/go.mod h1:AKf9I4AEqPTmMytcMc0KkNouC66V3BtZ4qD5fmWSiMQ=
github.com/kr/pretty v0.2.1 h1:Fmg33tUaq4/8ym9TJN1x7sLJnHVwhP33CNkpYV/7rwI=
github.com/kr/pretty v0.2.1/go.mod h1:ipq/a2n7PKx3OHsz4KJII5eveXtPO4qwEXGdVfWzfnI=
github.com/kr/pty v1.1.1/go.mod h1:pFQYn66WHrOpPYNljwOMqo10TkYh1fy3cYio2l3bCsQ=
github.com/kr/text v0.1.0 h1:45sCR5RtlFHMR4UwH9sdQ5TC8v0qDQCHnXt+kaKSTVE=
github.com/kr/text v0.1.0/go.mod h1:4Jbv+DJW3UT/LiOwJeYQe1efqtUx/iVham/4vfdArNI=
github.com/rs/cors v1.11.0 h1:0B9GE/r9Bc2UxRMMtymBkHTenPkHDv0CW4Y98GBY+po=
github.com/rs/cors v1.11.0/go.mod h1:XyqrcTp5zjWr1wsJ8PIRZssZ8b/WMcMf71DJnit4EMU=
gopkg.in/check.v1 v0.0.0-20161208181325-20d25e280405/go.mod h1:Co6ibVJAznAaIkqp8huTwlJQCZ016jof/cbN4VW5Yz0=
gopkg.in/check.v1 v1.0.0-20201130134442-10cb98267c6c h1:Hei/4ADfdWqJk1ZMxUNpqntNwaWcugrBjAiHlqqRiVk=
gopkg.in/check.v1 v1.0.0-20201130134442-10cb98267c6c/go.mod h1:JHkPIbrfpd72SG/EVd6muEfDQjcINNoR0C8j2r3qZ4Q=
gopkg.in/yaml.v2 v2.4.0 h1:D8xgwECY7CYvx+Y2n4sBz93Jn9JRvxdiyyo8CTfuKaY=
gopkg.in/yaml.v2 v2.4.0/go.mod h1:RDklbk79AGWmwhnvt/jBztapEOGDOx6ZbXqjP6csGnQ=
